
Microsoft Visual Studio Solution File, Format Version 12.00
# Visual Studio 15
Project("{FAE04EC0-301F-11D3-BF4B-00C04F79EFBC}") = "UnityEngine.TestRunner", "UnityEngine.TestRunner.csproj", "{755F222F-90BE-152E-7DC1-D3BEE5CE17DD}"
EndProject
Project("{FAE04EC0-301F-11D3-BF4B-00C04F79EFBC}") = "Unity.Mathematics", "Unity.Mathematics.csproj", "{94062F17-A23E-AA19-716C-BB2E49D685D9}"
EndProject
Project("{FAE04EC0-301F-11D3-BF4B-00C04F79EFBC}") = "Unity.2D.Animation.Triangle.Runtime", "Unity.2D.Animation.Triangle.Runtime.csproj", "{60F53827-1AEA-C2E8-5979-769C60CEEDF7}"
EndProject
Project("{FAE04EC0-301F-11D3-BF4B-00C04F79EFBC}") = "AstarPathfindingProject", "AstarPathfindingProject.csproj", "{57AAF41A-5652-1415-7AD9-2F3B9A48B11F}"
EndProject
Project("{FAE04EC0-301F-11D3-BF4B-00C04F79EFBC}") = "Unity.Timeline", "Unity.Timeline.csproj", "{8DCE7296-A252-DBC9-2E43-9CB7598F8FD9}"
EndProject
Project("{FAE04EC0-301F-11D3-BF4B-00C04F79EFBC}") = "UnityEngine.UI", "UnityEngine.UI.csproj", "{C273487C-9B57-56A8-5562-8BA97DA501E2}"
EndProject
Project("{FAE04EC0-301F-11D3-BF4B-00C04F79EFBC}") = "Cinemachine", "Cinemachine.csproj", "{3C9B90C7-B984-1F92-FDB6-0449FA144A49}"
EndProject
Project("{FAE04EC0-301F-11D3-BF4B-00C04F79EFBC}") = "Unity.TextMeshPro", "Unity.TextMeshPro.csproj", "{B414E2D8-CF42-179B-54DE-E151C4B9C5C7}"
EndProject
Project("{FAE04EC0-301F-11D3-BF4B-00C04F79EFBC}") = "Unity.2D.Animation.Runtime", "Unity.2D.Animation.Runtime.csproj", "{D3F6AFF7-4A56-8520-03D2-5B7D687179A5}"
EndProject
Project("{FAE04EC0-301F-11D3-BF4B-00C04F79EFBC}") = "Unity.2D.IK.Runtime", "Unity.2D.IK.Runtime.csproj", "{687B55FA-55BE-E47A-7200-33C4EC5BEF8E}"
EndProject
Project("{FAE04EC0-301F-11D3-BF4B-00C04F79EFBC}") = "Unity.2D.SpriteShape.Runtime", "Unity.2D.SpriteShape.Runtime.csproj", "{4F66A8C6-FC6A-E6AB-304F-A7F6CED2A032}"
EndProject
Project("{FAE04EC0-301F-11D3-BF4B-00C04F79EFBC}") = "Assembly-CSharp", "Assembly-CSharp.csproj", "{A0CCC29C-8EFC-AF61-500E-A9A3D5EF07A9}"
EndProject
Project("{FAE04EC0-301F-11D3-BF4B-00C04F79EFBC}") = "Unity.2D.PixelPerfect", "Unity.2D.PixelPerfect.csproj", "{A432D496-151F-3755-A447-9F5AE5ED3041}"
EndProject
Project("{FAE04EC0-301F-11D3-BF4B-00C04F79EFBC}") = "Unity.2D.Common.Runtime", "Unity.2D.Common.Runtime.csproj", "{03F33166-282E-3D6F-68F8-088B83F182D3}"
EndProject
Project("{FAE04EC0-301F-11D3-BF4B-00C04F79EFBC}") = "Unity.InternalAPIEngineBridge.001", "Unity.InternalAPIEngineBridge.001.csproj", "{5336B1C3-C1A1-A597-4537-AB71430D52C8}"
EndProject
Project("{FAE04EC0-301F-11D3-BF4B-00C04F79EFBC}") = "UnityEditor.TestRunner", "UnityEditor.TestRunner.csproj", "{EBBF6C81-07F4-F261-302B-873D93C1141C}"
EndProject
Project("{FAE04EC0-301F-11D3-BF4B-00C04F79EFBC}") = "UnityEditor.UI", "UnityEditor.UI.csproj", "{26865711-ED3B-EF3C-57A4-CFEF3C7352E1}"
EndProject
Project("{FAE04EC0-301F-11D3-BF4B-00C04F79EFBC}") = "Unity.VisualStudio.Editor", "Unity.VisualStudio.Editor.csproj", "{DE72C9C8-7143-7C48-1D58-CD68E68FF223}"
EndProject
Project("{FAE04EC0-301F-11D3-BF4B-00C04F79EFBC}") = "Unity.Timeline.Editor", "Unity.Timeline.Editor.csproj", "{C9C244F3-4487-2FEC-FBBF-F83518B10A96}"
EndProject
Project("{FAE04EC0-301F-11D3-BF4B-00C04F79EFBC}") = "com.unity.cinemachine.editor", "com.unity.cinemachine.editor.csproj", "{EB3B4052-30DC-9C0D-7E53-96223C0084E2}"
EndProject
Project("{FAE04EC0-301F-11D3-BF4B-00C04F79EFBC}") = "Unity.2D.Psdimporter.Editor", "Unity.2D.Psdimporter.Editor.csproj", "{0B4CB8F8-8197-70D5-9936-EB73960695B3}"
EndProject
Project("{FAE04EC0-301F-11D3-BF4B-00C04F79EFBC}") = "Unity.2D.Animation.Editor", "Unity.2D.Animation.Editor.csproj", "{05D55BB3-1644-23BC-F07E-375E2C71D64E}"
EndProject
Project("{FAE04EC0-301F-11D3-BF4B-00C04F79EFBC}") = "Unity.TextMeshPro.Editor", "Unity.TextMeshPro.Editor.csproj", "{BCD971AF-7C50-EB3C-3A52-2869617CE92C}"
EndProject
Project("{FAE04EC0-301F-11D3-BF4B-00C04F79EFBC}") = "Unity.2D.SpriteShape.Editor", "Unity.2D.SpriteShape.Editor.csproj", "{63BEA0B6-CB1C-A730-3564-1F49F9B9B491}"
EndProject
Project("{FAE04EC0-301F-11D3-BF4B-00C04F79EFBC}") = "Unity.CollabProxy.Editor", "Unity.CollabProxy.Editor.csproj", "{6D41DC8D-9395-F5BC-D689-A52F0CCFEFC2}"
EndProject
Project("{FAE04EC0-301F-11D3-BF4B-00C04F79EFBC}") = "PsdPlugin", "PsdPlugin.csproj", "{223CE7C2-4ED0-CD1C-71A1-3CED90805953}"
EndProject
Project("{FAE04EC0-301F-11D3-BF4B-00C04F79EFBC}") = "Unity.2D.Path.Editor", "Unity.2D.Path.Editor.csproj", "{24505FC6-8FD5-F6CA-161D-B2D0E8331329}"
EndProject
Project("{FAE04EC0-301F-11D3-BF4B-00C04F79EFBC}") = "Unity.Rider.Editor", "Unity.Rider.Editor.csproj", "{AF1D42C5-B7C1-66A7-69C7-7C74F1491E91}"
EndProject
Project("{FAE04EC0-301F-11D3-BF4B-00C04F79EFBC}") = "PackageToolsEditor", "PackageToolsEditor.csproj", "{A71501CB-665B-7E8B-11A7-7CFF2FA531D9}"
EndProject
Project("{FAE04EC0-301F-11D3-BF4B-00C04F79EFBC}") = "Unity.2D.IK.Editor", "Unity.2D.IK.Editor.csproj", "{1CE9B825-4D4F-E1BF-D530-CEB9EC424606}"
EndProject
Project("{FAE04EC0-301F-11D3-BF4B-00C04F79EFBC}") = "Unity.2D.Sprite.Editor", "Unity.2D.Sprite.Editor.csproj", "{05731749-7195-51F2-8FFA-3F649C992B86}"
EndProject
Project("{FAE04EC0-301F-11D3-BF4B-00C04F79EFBC}") = "Unity.2D.Tilemap.Editor", "Unity.2D.Tilemap.Editor.csproj", "{F9987A1B-39B7-E6FE-36D5-2D29C9B057D2}"
EndProject
Project("{FAE04EC0-301F-11D3-BF4B-00C04F79EFBC}") = "Unity.2D.PixelPerfect.Editor", "Unity.2D.PixelPerfect.Editor.csproj", "{28DA1456-9F45-B2E4-6C55-7320358D758A}"
EndProject
Project("{FAE04EC0-301F-11D3-BF4B-00C04F79EFBC}") = "Unity.VSCode.Editor", "Unity.VSCode.Editor.csproj", "{32F1DF2F-7604-B87A-4D0C-0E0AD3E63AF6}"
EndProject
Project("{FAE04EC0-301F-11D3-BF4B-00C04F79EFBC}") = "AstarPathfindingProjectEditor", "AstarPathfindingProjectEditor.csproj", "{C24BE6FD-6B9B-EB02-D9B8-BC510C8478A5}"
EndProject
Project("{FAE04EC0-301F-11D3-BF4B-00C04F79EFBC}") = "Unity.2D.Common.Editor", "Unity.2D.Common.Editor.csproj", "{873EC416-7132-3C63-1E94-BC073529AFB2}"
EndProject
Project("{FAE04EC0-301F-11D3-BF4B-00C04F79EFBC}") = "Unity.Mathematics.Editor", "Unity.Mathematics.Editor.csproj", "{C958511C-E8D8-61BE-A704-098289709EC3}"
EndProject
Project("{FAE04EC0-301F-11D3-BF4B-00C04F79EFBC}") = "Unity.InternalAPIEditorBridge.001", "Unity.InternalAPIEditorBridge.001.csproj", "{249CDF87-6B8C-C61D-7335-0A2A56AFAE17}"
EndProject
Project("{FAE04EC0-301F-11D3-BF4B-00C04F79EFBC}") = "UnityEngine.TestRunner", "UnityEngine.TestRunner.Player.csproj", "{2E94D10C-6BE1-9064-AD85-6ED7ADA1D7A2}"
EndProject
Project("{FAE04EC0-301F-11D3-BF4B-00C04F79EFBC}") = "Unity.Mathematics", "Unity.Mathematics.Player.csproj", "{0F819EE9-1B22-DAF6-2756-E8B5C1D5800E}"
EndProject
Project("{FAE04EC0-301F-11D3-BF4B-00C04F79EFBC}") = "Unity.2D.Animation.Triangle.Runtime", "Unity.2D.Animation.Triangle.Runtime.Player.csproj", "{F940F998-912C-F02F-B59A-DD8BC206E118}"
EndProject
Project("{FAE04EC0-301F-11D3-BF4B-00C04F79EFBC}") = "AstarPathfindingProject", "AstarPathfindingProject.Player.csproj", "{B4674E47-FC50-B412-EE3C-8A43571840A4}"
EndProject
Project("{FAE04EC0-301F-11D3-BF4B-00C04F79EFBC}") = "Unity.Timeline", "Unity.Timeline.Player.csproj", "{60FC1A24-7FB3-2765-2440-C826FEFB4DC7}"
EndProject
Project("{FAE04EC0-301F-11D3-BF4B-00C04F79EFBC}") = "UnityEngine.UI", "UnityEngine.UI.Player.csproj", "{F2E6B312-2BBF-507E-8078-F015555C2997}"
EndProject
Project("{FAE04EC0-301F-11D3-BF4B-00C04F79EFBC}") = "Cinemachine", "Cinemachine.Player.csproj", "{BAF01F1B-7582-C733-A886-AA40954A7210}"
EndProject
Project("{FAE04EC0-301F-11D3-BF4B-00C04F79EFBC}") = "Unity.TextMeshPro", "Unity.TextMeshPro.Player.csproj", "{9C19E5EA-5145-AD5A-A4FA-BF36CE77D612}"
EndProject
Project("{FAE04EC0-301F-11D3-BF4B-00C04F79EFBC}") = "Unity.2D.Animation.Runtime", "Unity.2D.Animation.Runtime.Player.csproj", "{240F2736-EA67-6156-7FC6-3EA30303E48B}"
EndProject
Project("{FAE04EC0-301F-11D3-BF4B-00C04F79EFBC}") = "Unity.2D.IK.Runtime", "Unity.2D.IK.Runtime.Player.csproj", "{F0E45615-04BE-C483-CFBD-CFEC2059ACC8}"
EndProject
Project("{FAE04EC0-301F-11D3-BF4B-00C04F79EFBC}") = "Unity.2D.SpriteShape.Runtime", "Unity.2D.SpriteShape.Runtime.Player.csproj", "{9AA2DA6B-E95A-C411-4758-F06DC4D64E24}"
EndProject
Project("{FAE04EC0-301F-11D3-BF4B-00C04F79EFBC}") = "Assembly-CSharp", "Assembly-CSharp.Player.csproj", "{4DD59F88-A106-D0E2-0B51-51C9E2DE7FED}"
EndProject
Project("{FAE04EC0-301F-11D3-BF4B-00C04F79EFBC}") = "Unity.2D.PixelPerfect", "Unity.2D.PixelPerfect.Player.csproj", "{275F30D2-BE19-2E5B-1274-687497486AB9}"
EndProject
Project("{FAE04EC0-301F-11D3-BF4B-00C04F79EFBC}") = "Unity.2D.Common.Runtime", "Unity.2D.Common.Runtime.Player.csproj", "{9E09CA49-FDE1-61F4-8DD8-760FF85FBEE3}"
EndProject
Project("{FAE04EC0-301F-11D3-BF4B-00C04F79EFBC}") = "Unity.InternalAPIEngineBridge.001", "Unity.InternalAPIEngineBridge.001.Player.csproj", "{D473940F-C9B1-83E4-708B-DDE4F6ECA14A}"
EndProject
Global
	GlobalSection(SolutionConfigurationPlatforms) = preSolution
		Debug|Any CPU = Debug|Any CPU
		Release|Any CPU = Release|Any CPU
	EndGlobalSection
	GlobalSection(ProjectConfigurationPlatforms) = postSolution
		{755F222F-90BE-152E-7DC1-D3BEE5CE17DD}.Debug|Any CPU.ActiveCfg = Debug|Any CPU
		{755F222F-90BE-152E-7DC1-D3BEE5CE17DD}.Debug|Any CPU.Build.0 = Debug|Any CPU
		{755F222F-90BE-152E-7DC1-D3BEE5CE17DD}.Release|Any CPU.ActiveCfg = Release|Any CPU
		{755F222F-90BE-152E-7DC1-D3BEE5CE17DD}.Release|Any CPU.Build.0 = Release|Any CPU
		{94062F17-A23E-AA19-716C-BB2E49D685D9}.Debug|Any CPU.ActiveCfg = Debug|Any CPU
		{94062F17-A23E-AA19-716C-BB2E49D685D9}.Debug|Any CPU.Build.0 = Debug|Any CPU
		{94062F17-A23E-AA19-716C-BB2E49D685D9}.Release|Any CPU.ActiveCfg = Release|Any CPU
		{94062F17-A23E-AA19-716C-BB2E49D685D9}.Release|Any CPU.Build.0 = Release|Any CPU
		{60F53827-1AEA-C2E8-5979-769C60CEEDF7}.Debug|Any CPU.ActiveCfg = Debug|Any CPU
		{60F53827-1AEA-C2E8-5979-769C60CEEDF7}.Debug|Any CPU.Build.0 = Debug|Any CPU
		{60F53827-1AEA-C2E8-5979-769C60CEEDF7}.Release|Any CPU.ActiveCfg = Release|Any CPU
		{60F53827-1AEA-C2E8-5979-769C60CEEDF7}.Release|Any CPU.Build.0 = Release|Any CPU
		{57AAF41A-5652-1415-7AD9-2F3B9A48B11F}.Debug|Any CPU.ActiveCfg = Debug|Any CPU
		{57AAF41A-5652-1415-7AD9-2F3B9A48B11F}.Debug|Any CPU.Build.0 = Debug|Any CPU
		{57AAF41A-5652-1415-7AD9-2F3B9A48B11F}.Release|Any CPU.ActiveCfg = Release|Any CPU
		{57AAF41A-5652-1415-7AD9-2F3B9A48B11F}.Release|Any CPU.Build.0 = Release|Any CPU
		{8DCE7296-A252-DBC9-2E43-9CB7598F8FD9}.Debug|Any CPU.ActiveCfg = Debug|Any CPU
		{8DCE7296-A252-DBC9-2E43-9CB7598F8FD9}.Debug|Any CPU.Build.0 = Debug|Any CPU
		{8DCE7296-A252-DBC9-2E43-9CB7598F8FD9}.Release|Any CPU.ActiveCfg = Release|Any CPU
		{8DCE7296-A252-DBC9-2E43-9CB7598F8FD9}.Release|Any CPU.Build.0 = Release|Any CPU
		{C273487C-9B57-56A8-5562-8BA97DA501E2}.Debug|Any CPU.ActiveCfg = Debug|Any CPU
		{C273487C-9B57-56A8-5562-8BA97DA501E2}.Debug|Any CPU.Build.0 = Debug|Any CPU
		{C273487C-9B57-56A8-5562-8BA97DA501E2}.Release|Any CPU.ActiveCfg = Release|Any CPU
		{C273487C-9B57-56A8-5562-8BA97DA501E2}.Release|Any CPU.Build.0 = Release|Any CPU
		{3C9B90C7-B984-1F92-FDB6-0449FA144A49}.Debug|Any CPU.ActiveCfg = Debug|Any CPU
		{3C9B90C7-B984-1F92-FDB6-0449FA144A49}.Debug|Any CPU.Build.0 = Debug|Any CPU
		{3C9B90C7-B984-1F92-FDB6-0449FA144A49}.Release|Any CPU.ActiveCfg = Release|Any CPU
		{3C9B90C7-B984-1F92-FDB6-0449FA144A49}.Release|Any CPU.Build.0 = Release|Any CPU
		{B414E2D8-CF42-179B-54DE-E151C4B9C5C7}.Debug|Any CPU.ActiveCfg = Debug|Any CPU
		{B414E2D8-CF42-179B-54DE-E151C4B9C5C7}.Debug|Any CPU.Build.0 = Debug|Any CPU
		{B414E2D8-CF42-179B-54DE-E151C4B9C5C7}.Release|Any CPU.ActiveCfg = Release|Any CPU
		{B414E2D8-CF42-179B-54DE-E151C4B9C5C7}.Release|Any CPU.Build.0 = Release|Any CPU
		{D3F6AFF7-4A56-8520-03D2-5B7D687179A5}.Debug|Any CPU.ActiveCfg = Debug|Any CPU
		{D3F6AFF7-4A56-8520-03D2-5B7D687179A5}.Debug|Any CPU.Build.0 = Debug|Any CPU
		{D3F6AFF7-4A56-8520-03D2-5B7D687179A5}.Release|Any CPU.ActiveCfg = Release|Any CPU
		{D3F6AFF7-4A56-8520-03D2-5B7D687179A5}.Release|Any CPU.Build.0 = Release|Any CPU
		{687B55FA-55BE-E47A-7200-33C4EC5BEF8E}.Debug|Any CPU.ActiveCfg = Debug|Any CPU
		{687B55FA-55BE-E47A-7200-33C4EC5BEF8E}.Debug|Any CPU.Build.0 = Debug|Any CPU
		{687B55FA-55BE-E47A-7200-33C4EC5BEF8E}.Release|Any CPU.ActiveCfg = Release|Any CPU
		{687B55FA-55BE-E47A-7200-33C4EC5BEF8E}.Release|Any CPU.Build.0 = Release|Any CPU
		{4F66A8C6-FC6A-E6AB-304F-A7F6CED2A032}.Debug|Any CPU.ActiveCfg = Debug|Any CPU
		{4F66A8C6-FC6A-E6AB-304F-A7F6CED2A032}.Debug|Any CPU.Build.0 = Debug|Any CPU
		{4F66A8C6-FC6A-E6AB-304F-A7F6CED2A032}.Release|Any CPU.ActiveCfg = Release|Any CPU
		{4F66A8C6-FC6A-E6AB-304F-A7F6CED2A032}.Release|Any CPU.Build.0 = Release|Any CPU
		{A0CCC29C-8EFC-AF61-500E-A9A3D5EF07A9}.Debug|Any CPU.ActiveCfg = Debug|Any CPU
		{A0CCC29C-8EFC-AF61-500E-A9A3D5EF07A9}.Debug|Any CPU.Build.0 = Debug|Any CPU
		{A0CCC29C-8EFC-AF61-500E-A9A3D5EF07A9}.Release|Any CPU.ActiveCfg = Release|Any CPU
		{A0CCC29C-8EFC-AF61-500E-A9A3D5EF07A9}.Release|Any CPU.Build.0 = Release|Any CPU
		{A432D496-151F-3755-A447-9F5AE5ED3041}.Debug|Any CPU.ActiveCfg = Debug|Any CPU
		{A432D496-151F-3755-A447-9F5AE5ED3041}.Debug|Any CPU.Build.0 = Debug|Any CPU
		{A432D496-151F-3755-A447-9F5AE5ED3041}.Release|Any CPU.ActiveCfg = Release|Any CPU
		{A432D496-151F-3755-A447-9F5AE5ED3041}.Release|Any CPU.Build.0 = Release|Any CPU
		{03F33166-282E-3D6F-68F8-088B83F182D3}.Debug|Any CPU.ActiveCfg = Debug|Any CPU
		{03F33166-282E-3D6F-68F8-088B83F182D3}.Debug|Any CPU.Build.0 = Debug|Any CPU
		{03F33166-282E-3D6F-68F8-088B83F182D3}.Release|Any CPU.ActiveCfg = Release|Any CPU
		{03F33166-282E-3D6F-68F8-088B83F182D3}.Release|Any CPU.Build.0 = Release|Any CPU
		{5336B1C3-C1A1-A597-4537-AB71430D52C8}.Debug|Any CPU.ActiveCfg = Debug|Any CPU
		{5336B1C3-C1A1-A597-4537-AB71430D52C8}.Debug|Any CPU.Build.0 = Debug|Any CPU
		{5336B1C3-C1A1-A597-4537-AB71430D52C8}.Release|Any CPU.ActiveCfg = Release|Any CPU
		{5336B1C3-C1A1-A597-4537-AB71430D52C8}.Release|Any CPU.Build.0 = Release|Any CPU
		{EBBF6C81-07F4-F261-302B-873D93C1141C}.Debug|Any CPU.ActiveCfg = Debug|Any CPU
		{EBBF6C81-07F4-F261-302B-873D93C1141C}.Debug|Any CPU.Build.0 = Debug|Any CPU
		{EBBF6C81-07F4-F261-302B-873D93C1141C}.Release|Any CPU.ActiveCfg = Release|Any CPU
		{EBBF6C81-07F4-F261-302B-873D93C1141C}.Release|Any CPU.Build.0 = Release|Any CPU
		{26865711-ED3B-EF3C-57A4-CFEF3C7352E1}.Debug|Any CPU.ActiveCfg = Debug|Any CPU
		{26865711-ED3B-EF3C-57A4-CFEF3C7352E1}.Debug|Any CPU.Build.0 = Debug|Any CPU
		{26865711-ED3B-EF3C-57A4-CFEF3C7352E1}.Release|Any CPU.ActiveCfg = Release|Any CPU
		{26865711-ED3B-EF3C-57A4-CFEF3C7352E1}.Release|Any CPU.Build.0 = Release|Any CPU
		{DE72C9C8-7143-7C48-1D58-CD68E68FF223}.Debug|Any CPU.ActiveCfg = Debug|Any CPU
		{DE72C9C8-7143-7C48-1D58-CD68E68FF223}.Debug|Any CPU.Build.0 = Debug|Any CPU
		{DE72C9C8-7143-7C48-1D58-CD68E68FF223}.Release|Any CPU.ActiveCfg = Release|Any CPU
		{DE72C9C8-7143-7C48-1D58-CD68E68FF223}.Release|Any CPU.Build.0 = Release|Any CPU
		{C9C244F3-4487-2FEC-FBBF-F83518B10A96}.Debug|Any CPU.ActiveCfg = Debug|Any CPU
		{C9C244F3-4487-2FEC-FBBF-F83518B10A96}.Debug|Any CPU.Build.0 = Debug|Any CPU
		{C9C244F3-4487-2FEC-FBBF-F83518B10A96}.Release|Any CPU.ActiveCfg = Release|Any CPU
		{C9C244F3-4487-2FEC-FBBF-F83518B10A96}.Release|Any CPU.Build.0 = Release|Any CPU
		{EB3B4052-30DC-9C0D-7E53-96223C0084E2}.Debug|Any CPU.ActiveCfg = Debug|Any CPU
		{EB3B4052-30DC-9C0D-7E53-96223C0084E2}.Debug|Any CPU.Build.0 = Debug|Any CPU
		{EB3B4052-30DC-9C0D-7E53-96223C0084E2}.Release|Any CPU.ActiveCfg = Release|Any CPU
		{EB3B4052-30DC-9C0D-7E53-96223C0084E2}.Release|Any CPU.Build.0 = Release|Any CPU
		{0B4CB8F8-8197-70D5-9936-EB73960695B3}.Debug|Any CPU.ActiveCfg = Debug|Any CPU
		{0B4CB8F8-8197-70D5-9936-EB73960695B3}.Debug|Any CPU.Build.0 = Debug|Any CPU
		{0B4CB8F8-8197-70D5-9936-EB73960695B3}.Release|Any CPU.ActiveCfg = Release|Any CPU
		{0B4CB8F8-8197-70D5-9936-EB73960695B3}.Release|Any CPU.Build.0 = Release|Any CPU
		{05D55BB3-1644-23BC-F07E-375E2C71D64E}.Debug|Any CPU.ActiveCfg = Debug|Any CPU
		{05D55BB3-1644-23BC-F07E-375E2C71D64E}.Debug|Any CPU.Build.0 = Debug|Any CPU
		{05D55BB3-1644-23BC-F07E-375E2C71D64E}.Release|Any CPU.ActiveCfg = Release|Any CPU
		{05D55BB3-1644-23BC-F07E-375E2C71D64E}.Release|Any CPU.Build.0 = Release|Any CPU
		{BCD971AF-7C50-EB3C-3A52-2869617CE92C}.Debug|Any CPU.ActiveCfg = Debug|Any CPU
		{BCD971AF-7C50-EB3C-3A52-2869617CE92C}.Debug|Any CPU.Build.0 = Debug|Any CPU
		{BCD971AF-7C50-EB3C-3A52-2869617CE92C}.Release|Any CPU.ActiveCfg = Release|Any CPU
		{BCD971AF-7C50-EB3C-3A52-2869617CE92C}.Release|Any CPU.Build.0 = Release|Any CPU
		{63BEA0B6-CB1C-A730-3564-1F49F9B9B491}.Debug|Any CPU.ActiveCfg = Debug|Any CPU
		{63BEA0B6-CB1C-A730-3564-1F49F9B9B491}.Debug|Any CPU.Build.0 = Debug|Any CPU
		{63BEA0B6-CB1C-A730-3564-1F49F9B9B491}.Release|Any CPU.ActiveCfg = Release|Any CPU
		{63BEA0B6-CB1C-A730-3564-1F49F9B9B491}.Release|Any CPU.Build.0 = Release|Any CPU
		{6D41DC8D-9395-F5BC-D689-A52F0CCFEFC2}.Debug|Any CPU.ActiveCfg = Debug|Any CPU
		{6D41DC8D-9395-F5BC-D689-A52F0CCFEFC2}.Debug|Any CPU.Build.0 = Debug|Any CPU
		{6D41DC8D-9395-F5BC-D689-A52F0CCFEFC2}.Release|Any CPU.ActiveCfg = Release|Any CPU
		{6D41DC8D-9395-F5BC-D689-A52F0CCFEFC2}.Release|Any CPU.Build.0 = Release|Any CPU
		{223CE7C2-4ED0-CD1C-71A1-3CED90805953}.Debug|Any CPU.ActiveCfg = Debug|Any CPU
		{223CE7C2-4ED0-CD1C-71A1-3CED90805953}.Debug|Any CPU.Build.0 = Debug|Any CPU
		{223CE7C2-4ED0-CD1C-71A1-3CED90805953}.Release|Any CPU.ActiveCfg = Release|Any CPU
		{223CE7C2-4ED0-CD1C-71A1-3CED90805953}.Release|Any CPU.Build.0 = Release|Any CPU
		{24505FC6-8FD5-F6CA-161D-B2D0E8331329}.Debug|Any CPU.ActiveCfg = Debug|Any CPU
		{24505FC6-8FD5-F6CA-161D-B2D0E8331329}.Debug|Any CPU.Build.0 = Debug|Any CPU
		{24505FC6-8FD5-F6CA-161D-B2D0E8331329}.Release|Any CPU.ActiveCfg = Release|Any CPU
		{24505FC6-8FD5-F6CA-161D-B2D0E8331329}.Release|Any CPU.Build.0 = Release|Any CPU
		{AF1D42C5-B7C1-66A7-69C7-7C74F1491E91}.Debug|Any CPU.ActiveCfg = Debug|Any CPU
		{AF1D42C5-B7C1-66A7-69C7-7C74F1491E91}.Debug|Any CPU.Build.0 = Debug|Any CPU
		{AF1D42C5-B7C1-66A7-69C7-7C74F1491E91}.Release|Any CPU.ActiveCfg = Release|Any CPU
		{AF1D42C5-B7C1-66A7-69C7-7C74F1491E91}.Release|Any CPU.Build.0 = Release|Any CPU
		{A71501CB-665B-7E8B-11A7-7CFF2FA531D9}.Debug|Any CPU.ActiveCfg = Debug|Any CPU
		{A71501CB-665B-7E8B-11A7-7CFF2FA531D9}.Debug|Any CPU.Build.0 = Debug|Any CPU
		{A71501CB-665B-7E8B-11A7-7CFF2FA531D9}.Release|Any CPU.ActiveCfg = Release|Any CPU
		{A71501CB-665B-7E8B-11A7-7CFF2FA531D9}.Release|Any CPU.Build.0 = Release|Any CPU
		{1CE9B825-4D4F-E1BF-D530-CEB9EC424606}.Debug|Any CPU.ActiveCfg = Debug|Any CPU
		{1CE9B825-4D4F-E1BF-D530-CEB9EC424606}.Debug|Any CPU.Build.0 = Debug|Any CPU
		{1CE9B825-4D4F-E1BF-D530-CEB9EC424606}.Release|Any CPU.ActiveCfg = Release|Any CPU
		{1CE9B825-4D4F-E1BF-D530-CEB9EC424606}.Release|Any CPU.Build.0 = Release|Any CPU
		{05731749-7195-51F2-8FFA-3F649C992B86}.Debug|Any CPU.ActiveCfg = Debug|Any CPU
		{05731749-7195-51F2-8FFA-3F649C992B86}.Debug|Any CPU.Build.0 = Debug|Any CPU
		{05731749-7195-51F2-8FFA-3F649C992B86}.Release|Any CPU.ActiveCfg = Release|Any CPU
		{05731749-7195-51F2-8FFA-3F649C992B86}.Release|Any CPU.Build.0 = Release|Any CPU
		{F9987A1B-39B7-E6FE-36D5-2D29C9B057D2}.Debug|Any CPU.ActiveCfg = Debug|Any CPU
		{F9987A1B-39B7-E6FE-36D5-2D29C9B057D2}.Debug|Any CPU.Build.0 = Debug|Any CPU
		{F9987A1B-39B7-E6FE-36D5-2D29C9B057D2}.Release|Any CPU.ActiveCfg = Release|Any CPU
		{F9987A1B-39B7-E6FE-36D5-2D29C9B057D2}.Release|Any CPU.Build.0 = Release|Any CPU
		{28DA1456-9F45-B2E4-6C55-7320358D758A}.Debug|Any CPU.ActiveCfg = Debug|Any CPU
		{28DA1456-9F45-B2E4-6C55-7320358D758A}.Debug|Any CPU.Build.0 = Debug|Any CPU
		{28DA1456-9F45-B2E4-6C55-7320358D758A}.Release|Any CPU.ActiveCfg = Release|Any CPU
		{28DA1456-9F45-B2E4-6C55-7320358D758A}.Release|Any CPU.Build.0 = Release|Any CPU
		{32F1DF2F-7604-B87A-4D0C-0E0AD3E63AF6}.Debug|Any CPU.ActiveCfg = Debug|Any CPU
		{32F1DF2F-7604-B87A-4D0C-0E0AD3E63AF6}.Debug|Any CPU.Build.0 = Debug|Any CPU
		{32F1DF2F-7604-B87A-4D0C-0E0AD3E63AF6}.Release|Any CPU.ActiveCfg = Release|Any CPU
		{32F1DF2F-7604-B87A-4D0C-0E0AD3E63AF6}.Release|Any CPU.Build.0 = Release|Any CPU
		{C24BE6FD-6B9B-EB02-D9B8-BC510C8478A5}.Debug|Any CPU.ActiveCfg = Debug|Any CPU
		{C24BE6FD-6B9B-EB02-D9B8-BC510C8478A5}.Debug|Any CPU.Build.0 = Debug|Any CPU
		{C24BE6FD-6B9B-EB02-D9B8-BC510C8478A5}.Release|Any CPU.ActiveCfg = Release|Any CPU
		{C24BE6FD-6B9B-EB02-D9B8-BC510C8478A5}.Release|Any CPU.Build.0 = Release|Any CPU
		{873EC416-7132-3C63-1E94-BC073529AFB2}.Debug|Any CPU.ActiveCfg = Debug|Any CPU
		{873EC416-7132-3C63-1E94-BC073529AFB2}.Debug|Any CPU.Build.0 = Debug|Any CPU
		{873EC416-7132-3C63-1E94-BC073529AFB2}.Release|Any CPU.ActiveCfg = Release|Any CPU
		{873EC416-7132-3C63-1E94-BC073529AFB2}.Release|Any CPU.Build.0 = Release|Any CPU
		{C958511C-E8D8-61BE-A704-098289709EC3}.Debug|Any CPU.ActiveCfg = Debug|Any CPU
		{C958511C-E8D8-61BE-A704-098289709EC3}.Debug|Any CPU.Build.0 = Debug|Any CPU
		{C958511C-E8D8-61BE-A704-098289709EC3}.Release|Any CPU.ActiveCfg = Release|Any CPU
		{C958511C-E8D8-61BE-A704-098289709EC3}.Release|Any CPU.Build.0 = Release|Any CPU
		{249CDF87-6B8C-C61D-7335-0A2A56AFAE17}.Debug|Any CPU.ActiveCfg = Debug|Any CPU
		{249CDF87-6B8C-C61D-7335-0A2A56AFAE17}.Debug|Any CPU.Build.0 = Debug|Any CPU
		{249CDF87-6B8C-C61D-7335-0A2A56AFAE17}.Release|Any CPU.ActiveCfg = Release|Any CPU
		{249CDF87-6B8C-C61D-7335-0A2A56AFAE17}.Release|Any CPU.Build.0 = Release|Any CPU
		{2E94D10C-6BE1-9064-AD85-6ED7ADA1D7A2}.Debug|Any CPU.ActiveCfg = Debug|Any CPU
		{2E94D10C-6BE1-9064-AD85-6ED7ADA1D7A2}.Debug|Any CPU.Build.0 = Debug|Any CPU
		{2E94D10C-6BE1-9064-AD85-6ED7ADA1D7A2}.Release|Any CPU.ActiveCfg = Release|Any CPU
		{2E94D10C-6BE1-9064-AD85-6ED7ADA1D7A2}.Release|Any CPU.Build.0 = Release|Any CPU
		{0F819EE9-1B22-DAF6-2756-E8B5C1D5800E}.Debug|Any CPU.ActiveCfg = Debug|Any CPU
		{0F819EE9-1B22-DAF6-2756-E8B5C1D5800E}.Debug|Any CPU.Build.0 = Debug|Any CPU
		{0F819EE9-1B22-DAF6-2756-E8B5C1D5800E}.Release|Any CPU.ActiveCfg = Release|Any CPU
		{0F819EE9-1B22-DAF6-2756-E8B5C1D5800E}.Release|Any CPU.Build.0 = Release|Any CPU
		{F940F998-912C-F02F-B59A-DD8BC206E118}.Debug|Any CPU.ActiveCfg = Debug|Any CPU
		{F940F998-912C-F02F-B59A-DD8BC206E118}.Debug|Any CPU.Build.0 = Debug|Any CPU
		{F940F998-912C-F02F-B59A-DD8BC206E118}.Release|Any CPU.ActiveCfg = Release|Any CPU
		{F940F998-912C-F02F-B59A-DD8BC206E118}.Release|Any CPU.Build.0 = Release|Any CPU
		{B4674E47-FC50-B412-EE3C-8A43571840A4}.Debug|Any CPU.ActiveCfg = Debug|Any CPU
		{B4674E47-FC50-B412-EE3C-8A43571840A4}.Debug|Any CPU.Build.0 = Debug|Any CPU
		{B4674E47-FC50-B412-EE3C-8A43571840A4}.Release|Any CPU.ActiveCfg = Release|Any CPU
		{B4674E47-FC50-B412-EE3C-8A43571840A4}.Release|Any CPU.Build.0 = Release|Any CPU
		{60FC1A24-7FB3-2765-2440-C826FEFB4DC7}.Debug|Any CPU.ActiveCfg = Debug|Any CPU
		{60FC1A24-7FB3-2765-2440-C826FEFB4DC7}.Debug|Any CPU.Build.0 = Debug|Any CPU
		{60FC1A24-7FB3-2765-2440-C826FEFB4DC7}.Release|Any CPU.ActiveCfg = Release|Any CPU
		{60FC1A24-7FB3-2765-2440-C826FEFB4DC7}.Release|Any CPU.Build.0 = Release|Any CPU
		{F2E6B312-2BBF-507E-8078-F015555C2997}.Debug|Any CPU.ActiveCfg = Debug|Any CPU
		{F2E6B312-2BBF-507E-8078-F015555C2997}.Debug|Any CPU.Build.0 = Debug|Any CPU
		{F2E6B312-2BBF-507E-8078-F015555C2997}.Release|Any CPU.ActiveCfg = Release|Any CPU
		{F2E6B312-2BBF-507E-8078-F015555C2997}.Release|Any CPU.Build.0 = Release|Any CPU
		{BAF01F1B-7582-C733-A886-AA40954A7210}.Debug|Any CPU.ActiveCfg = Debug|Any CPU
		{BAF01F1B-7582-C733-A886-AA40954A7210}.Debug|Any CPU.Build.0 = Debug|Any CPU
		{BAF01F1B-7582-C733-A886-AA40954A7210}.Release|Any CPU.ActiveCfg = Release|Any CPU
		{BAF01F1B-7582-C733-A886-AA40954A7210}.Release|Any CPU.Build.0 = Release|Any CPU
		{9C19E5EA-5145-AD5A-A4FA-BF36CE77D612}.Debug|Any CPU.ActiveCfg = Debug|Any CPU
		{9C19E5EA-5145-AD5A-A4FA-BF36CE77D612}.Debug|Any CPU.Build.0 = Debug|Any CPU
		{9C19E5EA-5145-AD5A-A4FA-BF36CE77D612}.Release|Any CPU.ActiveCfg = Release|Any CPU
		{9C19E5EA-5145-AD5A-A4FA-BF36CE77D612}.Release|Any CPU.Build.0 = Release|Any CPU
		{240F2736-EA67-6156-7FC6-3EA30303E48B}.Debug|Any CPU.ActiveCfg = Debug|Any CPU
		{240F2736-EA67-6156-7FC6-3EA30303E48B}.Debug|Any CPU.Build.0 = Debug|Any CPU
		{240F2736-EA67-6156-7FC6-3EA30303E48B}.Release|Any CPU.ActiveCfg = Release|Any CPU
		{240F2736-EA67-6156-7FC6-3EA30303E48B}.Release|Any CPU.Build.0 = Release|Any CPU
		{F0E45615-04BE-C483-CFBD-CFEC2059ACC8}.Debug|Any CPU.ActiveCfg = Debug|Any CPU
		{F0E45615-04BE-C483-CFBD-CFEC2059ACC8}.Debug|Any CPU.Build.0 = Debug|Any CPU
		{F0E45615-04BE-C483-CFBD-CFEC2059ACC8}.Release|Any CPU.ActiveCfg = Release|Any CPU
		{F0E45615-04BE-C483-CFBD-CFEC2059ACC8}.Release|Any CPU.Build.0 = Release|Any CPU
		{9AA2DA6B-E95A-C411-4758-F06DC4D64E24}.Debug|Any CPU.ActiveCfg = Debug|Any CPU
		{9AA2DA6B-E95A-C411-4758-F06DC4D64E24}.Debug|Any CPU.Build.0 = Debug|Any CPU
		{9AA2DA6B-E95A-C411-4758-F06DC4D64E24}.Release|Any CPU.ActiveCfg = Release|Any CPU
		{9AA2DA6B-E95A-C411-4758-F06DC4D64E24}.Release|Any CPU.Build.0 = Release|Any CPU
		{4DD59F88-A106-D0E2-0B51-51C9E2DE7FED}.Debug|Any CPU.ActiveCfg = Debug|Any CPU
		{4DD59F88-A106-D0E2-0B51-51C9E2DE7FED}.Debug|Any CPU.Build.0 = Debug|Any CPU
		{4DD59F88-A106-D0E2-0B51-51C9E2DE7FED}.Release|Any CPU.ActiveCfg = Release|Any CPU
		{4DD59F88-A106-D0E2-0B51-51C9E2DE7FED}.Release|Any CPU.Build.0 = Release|Any CPU
		{275F30D2-BE19-2E5B-1274-687497486AB9}.Debug|Any CPU.ActiveCfg = Debug|Any CPU
		{275F30D2-BE19-2E5B-1274-687497486AB9}.Debug|Any CPU.Build.0 = Debug|Any CPU
		{275F30D2-BE19-2E5B-1274-687497486AB9}.Release|Any CPU.ActiveCfg = Release|Any CPU
		{275F30D2-BE19-2E5B-1274-687497486AB9}.Release|Any CPU.Build.0 = Release|Any CPU
		{9E09CA49-FDE1-61F4-8DD8-760FF85FBEE3}.Debug|Any CPU.ActiveCfg = Debug|Any CPU
		{9E09CA49-FDE1-61F4-8DD8-760FF85FBEE3}.Debug|Any CPU.Build.0 = Debug|Any CPU
		{9E09CA49-FDE1-61F4-8DD8-760FF85FBEE3}.Release|Any CPU.ActiveCfg = Release|Any CPU
		{9E09CA49-FDE1-61F4-8DD8-760FF85FBEE3}.Release|Any CPU.Build.0 = Release|Any CPU
		{D473940F-C9B1-83E4-708B-DDE4F6ECA14A}.Debug|Any CPU.ActiveCfg = Debug|Any CPU
		{D473940F-C9B1-83E4-708B-DDE4F6ECA14A}.Debug|Any CPU.Build.0 = Debug|Any CPU
		{D473940F-C9B1-83E4-708B-DDE4F6ECA14A}.Release|Any CPU.ActiveCfg = Release|Any CPU
		{D473940F-C9B1-83E4-708B-DDE4F6ECA14A}.Release|Any CPU.Build.0 = Release|Any CPU
	EndGlobalSection
	GlobalSection(SolutionProperties) = preSolution
		HideSolutionNode = FALSE
	EndGlobalSection
EndGlobal
